
Microsoft Visual Studio Solution File, Format Version 12.00
# Visual Studio Version 17
VisualStudioVersion = 17.5.33516.290
MinimumVisualStudioVersion = 10.0.40219.1
Project("{FAE04EC0-301F-11D3-BF4B-00C04F79EFBC}") = "LeaveManagement.Web", "LeaveManagement.Web.csproj", "{B3339115-D068-47D5-9B7F-295AF87F6A0B}"
EndProject
Global
	GlobalSection(SolutionConfigurationPlatforms) = preSolution
		Debug|Any CPU = Debug|Any CPU
		Release|Any CPU = Release|Any CPU
	EndGlobalSection
	GlobalSection(ProjectConfigurationPlatforms) = postSolution
		{B3339115-D068-47D5-9B7F-295AF87F6A0B}.Debug|Any CPU.ActiveCfg = Debug|Any CPU
		{B3339115-D068-47D5-9B7F-295AF87F6A0B}.Debug|Any CPU.Build.0 = Debug|Any CPU
		{B3339115-D068-47D5-9B7F-295AF87F6A0B}.Release|Any CPU.ActiveCfg = Release|Any CPU
		{B3339115-D068-47D5-9B7F-295AF87F6A0B}.Release|Any CPU.Build.0 = Release|Any CPU
	EndGlobalSection
	GlobalSection(SolutionProperties) = preSolution
		HideSolutionNode = FALSE
	EndGlobalSection
	GlobalSection(ExtensibilityGlobals) = postSolution
		SolutionGuid = {4E0A09EF-4566-46AD-A71A-55A2C3E78EEB}
	EndGlobalSection
EndGlobal
